// !$*UTF8*$!
{
	archiveVersion = 1;
	classes = {
	};
	objectVersion = 50;
	objects = {

/* Begin PBXBuildFile section */
		B015D4AC235E246700BBE08A /* AppDelegate.m in Sources */ = {isa = PBXBuildFile; fileRef = B015D4AB235E246700BBE08A /* AppDelegate.m */; };
		B015D4AF235E246700BBE08A /* SceneDelegate.m in Sources */ = {isa = PBXBuildFile; fileRef = B015D4AE235E246700BBE08A /* SceneDelegate.m */; };
		B015D4B2235E246700BBE08A /* ViewController.m in Sources */ = {isa = PBXBuildFile; fileRef = B015D4B1235E246700BBE08A /* ViewController.m */; };
		B015D4B4235E246800BBE08A /* Assets.xcassets in Resources */ = {isa = PBXBuildFile; fileRef = B015D4B3235E246800BBE08A /* Assets.xcassets */; };
		B015D4B7235E246800BBE08A /* LaunchScreen.storyboard in Resources */ = {isa = PBXBuildFile; fileRef = B015D4B5235E246800BBE08A /* LaunchScreen.storyboard */; };
		B015D4BA235E246800BBE08A /* main.m in Sources */ = {isa = PBXBuildFile; fileRef = B015D4B9235E246800BBE08A /* main.m */; };
/* End PBXBuildFile section */

/* Begin PBXFileReference section */
		B015D4A7235E246700BBE08A /* Lesson02.app */ = {isa = PBXFileReference; explicitFileType = wrapper.application; includeInIndex = 0; path = Lesson02.app; sourceTree = BUILT_PRODUCTS_DIR; };
		B015D4AA235E246700BBE08A /* AppDelegate.h */ = {isa = PBXFileReference; lastKnownFileType = sourcecode.c.h; path = AppDelegate.h; sourceTree = "<group>"; };
		B015D4AB235E246700BBE08A /* AppDelegate.m */ = {isa = PBXFileReference; lastKnownFileType = sourcecode.c.objc; path = AppDelegate.m; sourceTree = "<group>"; };
		B015D4AD235E246700BBE08A /* SceneDelegate.h */ = {isa = PBXFileReference; lastKnownFileType = sourcecode.c.h; path = SceneDelegate.h; sourceTree = "<group>"; };
		B015D4AE235E246700BBE08A /* SceneDelegate.m */ = {isa = PBXFileReference; lastKnownFileType = sourcecode.c.objc; path = SceneDelegate.m; sourceTree = "<group>"; };
		B015D4B0235E246700BBE08A /* ViewController.h */ = {isa = PBXFileReference; lastKnownFileType = sourcecode.c.h; path = ViewController.h; sourceTree = "<group>"; };
		B015D4B1235E246700BBE08A /* ViewController.m */ = {isa = PBXFileReference; lastKnownFileType = sourcecode.c.objc; path = ViewController.m; sourceTree = "<group>"; };
		B015D4B3235E246800BBE08A /* Assets.xcassets */ = {isa = PBXFileReference; lastKnownFileType = folder.assetcatalog; path = Assets.xcassets; sourceTree = "<group>"; };
		B015D4B6235E246800BBE08A /* Base */ = {isa = PBXFileReference; lastKnownFileType = file.storyboard; name = Base; path = Base.lproj/LaunchScreen.storyboard; sourceTree = "<group>"; };
		B015D4B8235E246800BBE08A /* Info.plist */ = {isa = PBXFileReference; lastKnownFileType = text.plist.xml; path = Info.plist; sourceTree = "<group>"; };
		B015D4B9235E246800BBE08A /* main.m */ = {isa = PBXFileReference; lastKnownFileType = sourcecode.c.objc; path = main.m; sourceTree = "<group>"; };
/* End PBXFileReference section */

/* Begin PBXFrameworksBuildPhase section */
		B015D4A4235E246700BBE08A /* Frameworks */ = {
			isa = PBXFrameworksBuildPhase;
			buildActionMask = 2147483647;
			files = (
			);
			runOnlyForDeploymentPostprocessing = 0;
		};
/* End PBXFrameworksBuildPhase section */

/* Begin PBXGroup section */
		B015D49E235E246700BBE08A = {
			isa = PBXGroup;
			children = (
				B015D4A9235E246700BBE08A /* Lesson02 */,
				B015D4A8235E246700BBE08A /* Products */,
			);
			sourceTree = "<group>";
		};
		B015D4A8235E246700BBE08A /* Products */ = {
			isa = PBXGroup;
			children = (
				B015D4A7235E246700BBE08A /* Lesson02.app */,
			);
			name = Products;
			sourceTree = "<group>";
		};
		B015D4A9235E246700BBE08A /* Lesson02 */ = {
			isa = PBXGroup;
			children = (
				B015D4AA235E246700BBE08A /* AppDelegate.h */,
				B015D4AB235E246700BBE08A /* AppDelegate.m */,
				B015D4AD235E246700BBE08A /* SceneDelegate.h */,
				B015D4AE235E246700BBE08A /* SceneDelegate.m */,
				B015D4B0235E246700BBE08A /* ViewController.h */,
				B015D4B1235E246700BBE08A /* ViewController.m */,
				B015D4B3235E246800BBE08A /* Assets.xcassets */,
				B015D4B5235E246800BBE08A /* LaunchScreen.storyboard */,
				B015D4B8235E246800BBE08A /* Info.plist */,
				B015D4B9235E246800BBE08A /* main.m */,
			);
			path = Lesson02;
			sourceTree = "<group>";
		};
/* End PBXGroup section */

/* Begin PBXNativeTarget section */
		B015D4A6235E246700BBE08A /* Lesson02 */ = {
			isa = PBXNativeTarget;
			buildConfigurationList = B015D4BD235E246800BBE08A /* Build configuration list for PBXNativeTarget "Lesson02" */;
			buildPhases = (
				B015D4A3235E246700BBE08A /* Sources */,
				B015D4A4235E246700BBE08A /* Frameworks */,
				B015D4A5235E246700BBE08A /* Resources */,
			);
			buildRules = (
			);
			dependencies = (
			);
			name = Lesson02;
			productName = Lesson02;
			productReference = B015D4A7235E246700BBE08A /* Lesson02.app */;
			productType = "com.apple.product-type.application";
		};
/* End PBXNativeTarget section */

/* Begin PBXProject section */
		B015D49F235E246700BBE08A /* Project object */ = {
			isa = PBXProject;
			attributes = {
				LastUpgradeCheck = 1110;
				ORGANIZATIONNAME = "Maksim Nosov";
				TargetAttributes = {
					B015D4A6235E246700BBE08A = {
						CreatedOnToolsVersion = 11.1;
					};
				};
			};
			buildConfigurationList = B015D4A2235E246700BBE08A /* Build configuration list for PBXProject "Lesson02" */;
			compatibilityVersion = "Xcode 9.3";
			developmentRegion = en;
			hasScannedForEncodings = 0;
			knownRegions = (
				en,
				Base,
			);
			mainGroup = B015D49E235E246700BBE08A;
			productRefGroup = B015D4A8235E246700BBE08A /* Products */;
			projectDirPath = "";
			projectRoot = "";
			targets = (
				B015D4A6235E246700BBE08A /* Lesson02 */,
			);
		};
/* End PBXProject section */

/* Begin PBXResourcesBuildPhase section */
		B015D4A5235E246700BBE08A /* Resources */ = {
			isa = PBXResourcesBuildPhase;
			buildActionMask = 2147483647;
			files = (
				B015D4B4235E246800BBE08A /* Assets.xcassets in Resources */,
				B015D4B7235E246800BBE08A /* LaunchScreen.storyboard in Resources */,
			);
			runOnlyForDeploymentPostprocessing = 0;
		};
/* End PBXResourcesBuildPhase section */

/* Begin PBXSourcesBuildPhase section */
		B015D4A3235E246700BBE08A /* Sources */ = {
			isa = PBXSourcesBuildPhase;
			buildActionMask = 2147483647;
			files = (
				B015D4B2235E246700BBE08A /* ViewController.m in Sources */,
				B015D4AC235E246700BBE08A /* AppDelegate.m in Sources */,
				B015D4BA235E246800BBE08A /* main.m in Sources */,
				B015D4AF235E246700BBE08A /* SceneDelegate.m in Sources */,
			);
			runOnlyForDeploymentPostprocessing = 0;
		};
/* End PBXSourcesBuildPhase section */

/* Begin PBXVariantGroup section */
		B015D4B5235E246800BBE08A /* LaunchScreen.storyboard */ = {
			isa = PBXVariantGroup;
			children = (
				B015D4B6235E246800BBE08A /* Base */,
			);
			name = LaunchScreen.storyboard;
			sourceTree = "<group>";
		};
/* End PBXVariantGroup section */

/* Begin XCBuildConfiguration section */
		B015D4BB235E246800BBE08A /* Debug */ = {
			isa = XCBuildConfiguration;
			buildSettings = {
				ALWAYS_SEARCH_USER_PATHS = NO;
				CLANG_ANALYZER_NONNULL = YES;
				CLANG_ANALYZER_NUMBER_OBJECT_CONVERSION = YES_AGGRESSIVE;
				CLANG_CXX_LANGUAGE_STANDARD = "gnu++14";
				CLANG_CXX_LIBRARY = "libc++";
				CLANG_ENABLE_MODULES = YES;
				CLANG_ENABLE_OBJC_ARC = YES;
				CLANG_ENABLE_OBJC_WEAK = YES;
				CLANG_WARN_BLOCK_CAPTURE_AUTORELEASING = YES;
				CLANG_WARN_BOOL_CONVERSION = YES;
				CLANG_WARN_COMMA = YES;
				CLANG_WARN_CONSTANT_CONVERSION = YES;
				CLANG_WARN_DEPRECATED_OBJC_IMPLEMENTATIONS = YES;
				CLANG_WARN_DIRECT_OBJC_ISA_USAGE = YES_ERROR;
				CLANG_WARN_DOCUMENTATION_COMMENTS = YES;
				CLANG_WARN_EMPTY_BODY = YES;
				CLANG_WARN_ENUM_CONVERSION = YES;
				CLANG_WARN_INFINITE_RECURSION = YES;
				CLANG_WARN_INT_CONVERSION = YES;
				CLANG_WARN_NON_LITERAL_NULL_CONVERSION = YES;
				CLANG_WARN_OBJC_IMPLICIT_RETAIN_SELF = YES;
				CLANG_WARN_OBJC_LITERAL_CONVERSION = YES;
				CLANG_WARN_OBJC_ROOT_CLASS = YES_ERROR;
				CLANG_WARN_RANGE_LOOP_ANALYSIS = YES;
				CLANG_WARN_STRICT_PROTOTYPES = YES;
				CLANG_WARN_SUSPICIOUS_MOVE = YES;
				CLANG_WARN_UNGUARDED_AVAILABILITY = YES_AGGRESSIVE;
				CLANG_WARN_UNREACHABLE_CODE = YES;
				CLANG_WARN__DUPLICATE_METHOD_MATCH = YES;
				COPY_PHASE_STRIP = NO;
				DEBUG_INFORMATION_FORMAT = dwarf;
				ENABLE_STRICT_OBJC_MSGSEND = YES;
				ENABLE_TESTABILITY = YES;
				GCC_C_LANGUAGE_STANDARD = gnu11;
				GCC_DYNAMIC_NO_PIC = NO;
				GCC_NO_COMMON_BLOCKS = YES;
				GCC_OPTIMIZATION_LEVEL = 0;
				GCC_PREPROCESSOR_DEFINITIONS = (
					"DEBUG=1",
					"$(inherited)",
				);
				GCC_WARN_64_TO_32_BIT_CONVERSION = YES;
				GCC_WARN_ABOUT_RETURN_TYPE = YES_ERROR;
				GCC_WARN_UNDECLARED_SELECTOR = YES;
				GCC_WARN_UNINITIALIZED_AUTOS = YES_AGGRESSIVE;
				GCC_WARN_UNUSED_FUNCTION = YES;
				GCC_WARN_UNUSED_VARIABLE = YES;
				IPHONEOS_DEPLOYMENT_TARGET = 12.0;
				MTL_ENABLE_DEBUG_INFO = INCLUDE_SOURCE;
				MTL_FAST_MATH = YES;
				ONLY_ACTIVE_ARCH = YES;
				SDKROOT = iphoneos;
			};
			name = Debug;
		};
		B015D4BC235E246800BBE08A /* Release */ = {
			isa = XCBuildConfiguration;
			buildSettings = {
				ALWAYS_SEARCH_USER_PATHS = NO;
				CLANG_ANALYZER_NONNULL = YES;
				CLANG_ANALYZER_NUMBER_OBJECT_CONVERSION = YES_AGGRESSIVE;
				CLANG_CXX_LANGUAGE_STANDARD = "gnu++14";
				CLANG_CXX_LIBRARY = "libc++";
				CLANG_ENABLE_MODULES = YES;
				CLANG_ENABLE_OBJC_ARC = YES;
				CLANG_ENABLE_OBJC_WEAK = YES;
				CLANG_WARN_BLOCK_CAPTURE_AUTORELEASING = YES;
				CLANG_WARN_BOOL_CONVERSION = YES;
				CLANG_WARN_COMMA = YES;
				CLANG_WARN_CONSTANT_CONVERSION = YES;
				CLANG_WARN_DEPRECATED_OBJC_IMPLEMENTATIONS = YES;
				CLANG_WARN_DIRECT_OBJC_ISA_USAGE = YES_ERROR;
				CLANG_WARN_DOCUMENTATION_COMMENTS = YES;
				CLANG_WARN_EMPTY_BODY = YES;
				CLANG_WARN_ENUM_CONVERSION = YES;
				CLANG_WARN_INFINITE_RECURSION = YES;
				CLANG_WARN_INT_CONVERSION = YES;
				CLANG_WARN_NON_LITERAL_NULL_CONVERSION = YES;
				CLANG_WARN_OBJC_IMPLICIT_RETAIN_SELF = YES;
				CLANG_WARN_OBJC_LITERAL_CONVERSION = YES;
				CLANG_WARN_OBJC_ROOT_CLASS = YES_ERROR;
				CLANG_WARN_RANGE_LOOP_ANALYSIS = YES;
				CLANG_WARN_STRICT_PROTOTYPES = YES;
				CLANG_WARN_SUSPICIOUS_MOVE = YES;
				CLANG_WARN_UNGUARDED_AVAILABILITY = YES_AGGRESSIVE;
				CLANG_WARN_UNREACHABLE_CODE = YES;
				CLANG_WARN__DUPLICATE_METHOD_MATCH = YES;
				COPY_PHASE_STRIP = NO;
				DEBUG_INFORMATION_FORMAT = "dwarf-with-dsym";
				ENABLE_NS_ASSERTIONS = NO;
				ENABLE_STRICT_OBJC_MSGSEND = YES;
				GCC_C_LANGUAGE_STANDARD = gnu11;
				GCC_NO_COMMON_BLOCKS = YES;
				GCC_WARN_64_TO_32_BIT_CONVERSION = YES;
				GCC_WARN_ABOUT_RETURN_TYPE = YES_ERROR;
				GCC_WARN_UNDECLARED_SELECTOR = YES;
				GCC_WARN_UNINITIALIZED_AUTOS = YES_AGGRESSIVE;
				GCC_WARN_UNUSED_FUNCTION = YES;
				GCC_WARN_UNUSED_VARIABLE = YES;
				IPHONEOS_DEPLOYMENT_TARGET = 12.0;
				MTL_ENABLE_DEBUG_INFO = NO;
				MTL_FAST_MATH = YES;
				SDKROOT = iphoneos;
				VALIDATE_PRODUCT = YES;
			};
			name = Release;
		};
		B015D4BE235E246800BBE08A /* Debug */ = {
			isa = XCBuildConfiguration;
			buildSettings = {
				ASSETCATALOG_COMPILER_APPICON_NAME = AppIcon;
				CODE_SIGN_STYLE = Automatic;
				INFOPLIST_FILE = Lesson02/Info.plist;
				LD_RUNPATH_SEARCH_PATHS = (
					"$(inherited)",
					"@executable_path/Frameworks",
				);
				PRODUCT_BUNDLE_IDENTIFIER = ozolc.Lesson02;
				PRODUCT_NAME = "$(TARGET_NAME)";
				TARGETED_DEVICE_FAMILY = "1,2";
			};
			name = Debug;
		};
		B015D4BF235E246800BBE08A /* Release */ = {
			isa = XCBuildConfiguration;
			buildSettings = {
				ASSETCATALOG_COMPILER_APPICON_NAME = AppIcon;
				CODE_SIGN_STYLE = Automatic;
				INFOPLIST_FILE = Lesson02/Info.plist;
				LD_RUNPATH_SEARCH_PATHS = (
					"$(inherited)",
					"@executable_path/Frameworks",
				);
				PRODUCT_BUNDLE_IDENTIFIER = ozolc.Lesson02;
				PRODUCT_NAME = "$(TARGET_NAME)";
				TARGETED_DEVICE_FAMILY = "1,2";
			};
			name = Release;
		};
/* End XCBuildConfiguration section */

/* Begin XCConfigurationList section */
		B015D4A2235E246700BBE08A /* Build configuration list for PBXProject "Lesson02" */ = {
			isa = XCConfigurationList;
			buildConfigurations = (
				B015D4BB235E246800BBE08A /* Debug */,
				B015D4BC235E246800BBE08A /* Release */,
			);
			defaultConfigurationIsVisible = 0;
			defaultConfigurationName = Release;
		};
		B015D4BD235E246800BBE08A /* Build configuration list for PBXNativeTarget "Lesson02" */ = {
			isa = XCConfigurationList;
			buildConfigurations = (
				B015D4BE235E246800BBE08A /* Debug */,
				B015D4BF235E246800BBE08A /* Release */,
			);
			defaultConfigurationIsVisible = 0;
			defaultConfigurationName = Release;
		};
/* End XCConfigurationList section */
	};
	rootObject = B015D49F235E246700BBE08A /* Project object */;
}
